
Microsoft Visual Studio Solution File, Format Version 12.00
# Visual Studio Version 17
VisualStudioVersion = 17.14.36408.4 d17.14
MinimumVisualStudioVersion = 10.0.40219.1
Project("{FAE04EC0-301F-11D3-BF4B-00C04F79EFBC}") = "Client", "Client\Client.csproj", "{2F1A0550-89BB-4F9E-83E7-CAAF3B0AA9A1}"
EndProject
Project("{FAE04EC0-301F-11D3-BF4B-00C04F79EFBC}") = "Server", "Server\Server.csproj", "{D1D40E49-1A5C-4595-AFD8-2AEC28F10E72}"
EndProject
Project("{FAE04EC0-301F-11D3-BF4B-00C04F79EFBC}") = "Common", "Common1\Common.csproj", "{908102E3-7A9D-436D-AC41-D2170DB07CAC}"
EndProject
Global
	GlobalSection(SolutionConfigurationPlatforms) = preSolution
		Debug|Any CPU = Debug|Any CPU
		Release|Any CPU = Release|Any CPU
	EndGlobalSection
	GlobalSection(ProjectConfigurationPlatforms) = postSolution
		{2F1A0550-89BB-4F9E-83E7-CAAF3B0AA9A1}.Debug|Any CPU.ActiveCfg = Debug|Any CPU
		{2F1A0550-89BB-4F9E-83E7-CAAF3B0AA9A1}.Debug|Any CPU.Build.0 = Debug|Any CPU
		{2F1A0550-89BB-4F9E-83E7-CAAF3B0AA9A1}.Release|Any CPU.ActiveCfg = Release|Any CPU
		{2F1A0550-89BB-4F9E-83E7-CAAF3B0AA9A1}.Release|Any CPU.Build.0 = Release|Any CPU
		{D1D40E49-1A5C-4595-AFD8-2AEC28F10E72}.Debug|Any CPU.ActiveCfg = Debug|Any CPU
		{D1D40E49-1A5C-4595-AFD8-2AEC28F10E72}.Debug|Any CPU.Build.0 = Debug|Any CPU
		{D1D40E49-1A5C-4595-AFD8-2AEC28F10E72}.Release|Any CPU.ActiveCfg = Release|Any CPU
		{D1D40E49-1A5C-4595-AFD8-2AEC28F10E72}.Release|Any CPU.Build.0 = Release|Any CPU
		{908102E3-7A9D-436D-AC41-D2170DB07CAC}.Debug|Any CPU.ActiveCfg = Debug|Any CPU
		{908102E3-7A9D-436D-AC41-D2170DB07CAC}.Debug|Any CPU.Build.0 = Debug|Any CPU
		{908102E3-7A9D-436D-AC41-D2170DB07CAC}.Release|Any CPU.ActiveCfg = Release|Any CPU
		{908102E3-7A9D-436D-AC41-D2170DB07CAC}.Release|Any CPU.Build.0 = Release|Any CPU
	EndGlobalSection
	GlobalSection(SolutionProperties) = preSolution
		HideSolutionNode = FALSE
	EndGlobalSection
	GlobalSection(ExtensibilityGlobals) = postSolution
		SolutionGuid = {CABC6909-748C-4FA4-8B0D-C5946F17DD78}
	EndGlobalSection
EndGlobal
